<?xml version="1.0" encoding="utf-8"?>
<Project ToolsVersion="4.0" xmlns="http://schemas.microsoft.com/developer/msbuild/2003">
  <ItemGroup>
    <Filter Include="Quelldateien">
      <UniqueIdentifier>{4FC737F1-C7A5-4376-A066-2A32D752A2FF}</UniqueIdentifier>
      <Extensions>cpp;c;cc;cxx;def;odl;idl;hpj;bat;asm;asmx</Extensions>
    </Filter>
    <Filter Include="Headerdateien">
      <UniqueIdentifier>{93995380-89BD-4b04-88EB-625FBE52EBFB}</UniqueIdentifier>
      <Extensions>h;hh;hpp;hxx;hm;inl;inc;xsd</Extensions>
    </Filter>
    <Filter Include="Ressourcendateien">
      <UniqueIdentifier>{67DA6AB6-F800-4c08-8B7A-83BB121AAD01}</UniqueIdentifier>
      <Extensions>rc;ico;cur;bmp;dlg;rc2;rct;bin;rgs;gif;jpg;jpeg;jpe;resx;tiff;tif;png;wav;mfcribbon-ms</Extensions>
    </Filter>
    <Filter Include="Headerdateien\Fields">
      <UniqueIdentifier>{5cb36c6c-7e98-40f0-8ff5-dc46e71d3af6}</UniqueIdentifier>
    </Filter>
    <Filter Include="Quelldateien\Fields">
      <UniqueIdentifier>{bcfb95c4-ad8d-4747-aec6-ab671509a1e6}</UniqueIdentifier>
    </Filter>
  </ItemGroup>
  <ItemGroup>
    <ClCompile Include="Main.cpp">
      <Filter>Quelldateien</Filter>
    </ClCompile>
    <ClCompile Include="SFMLTest.cpp">
      <Filter>Quelldateien</Filter>
    </ClCompile>
    <ClCompile Include="Room.cpp">
      <Filter>Quelldateien</Filter>
    </ClCompile>
    <ClCompile Include="Player.cpp">
      <Filter>Quelldateien</Filter>
    </ClCompile>
    <ClCompile Include="Item.cpp">
      <Filter>Quelldateien</Filter>
    </ClCompile>
    <ClCompile Include="Character.cpp">
      <Filter>Quelldateien</Filter>
    </ClCompile>
    <ClCompile Include="HealingPotion.cpp">
      <Filter>Quelldateien</Filter>
    </ClCompile>
    <ClCompile Include="Inventory.cpp">
      <Filter>Quelldateien</Filter>
    </ClCompile>
    <ClCompile Include="Types.cpp">
      <Filter>Quelldateien</Filter>
    </ClCompile>
    <ClCompile Include="Wall.cpp">
      <Filter>Quelldateien\Fields</Filter>
    </ClCompile>
    <ClCompile Include="Floor.cpp">
      <Filter>Quelldateien\Fields</Filter>
    </ClCompile>
  </ItemGroup>
  <ItemGroup>
    <ClInclude Include="Room.h">
      <Filter>Headerdateien</Filter>
    </ClInclude>
    <ClInclude Include="Field.h">
      <Filter>Headerdateien\Fields</Filter>
    </ClInclude>
    <ClInclude Include="Floor.h">
      <Filter>Headerdateien\Fields</Filter>
    </ClInclude>
    <ClInclude Include="Wall.h">
      <Filter>Headerdateien\Fields</Filter>
    </ClInclude>
    <ClInclude Include="Player.h">
      <Filter>Headerdateien</Filter>
    </ClInclude>
    <ClInclude Include="Types.h">
      <Filter>Headerdateien</Filter>
    </ClInclude>
    <ClInclude Include="Item.h">
      <Filter>Headerdateien</Filter>
    </ClInclude>
    <ClInclude Include="Inventory.h">
      <Filter>Headerdateien</Filter>
    </ClInclude>
    <ClInclude Include="Character.h">
      <Filter>Headerdateien</Filter>
    </ClInclude>
    <ClInclude Include="HealingPotion.h">
      <Filter>Headerdateien</Filter>
    </ClInclude>
  </ItemGroup>
  <ItemGroup>
    <Text Include="Room1.txt">
      <Filter>Ressourcendateien</Filter>
    </Text>
  </ItemGroup>
</Project>